
Microsoft Visual Studio Solution File, Format Version 12.00
# Visual Studio Version 17
VisualStudioVersion = 17.12.35527.113 d17.12
MinimumVisualStudioVersion = 10.0.40219.1
Project("{FAE04EC0-301F-11D3-BF4B-00C04F79EFBC}") = "Campany.amar.PL", "Campany.amar.PL\Campany.amar.PL.csproj", "{058573AA-7A52-45AE-9107-029C241A7858}"
EndProject
Project("{FAE04EC0-301F-11D3-BF4B-00C04F79EFBC}") = "Campany.amar.DAL", "Campany.amar.DAL\Campany.amar.DAL.csproj", "{A1A4B079-5213-46C6-A8C8-0B047EF15276}"
EndProject
Project("{FAE04EC0-301F-11D3-BF4B-00C04F79EFBC}") = "Campany.amar.BLL", "Campany.amar.BLL\Campany.amar.BLL.csproj", "{696C2D23-018A-4BBA-9C85-D2073366A824}"
EndProject
Global
	GlobalSection(SolutionConfigurationPlatforms) = preSolution
		Debug|Any CPU = Debug|Any CPU
		Release|Any CPU = Release|Any CPU
	EndGlobalSection
	GlobalSection(ProjectConfigurationPlatforms) = postSolution
		{058573AA-7A52-45AE-9107-029C241A7858}.Debug|Any CPU.ActiveCfg = Debug|Any CPU
		{058573AA-7A52-45AE-9107-029C241A7858}.Debug|Any CPU.Build.0 = Debug|Any CPU
		{058573AA-7A52-45AE-9107-029C241A7858}.Release|Any CPU.ActiveCfg = Release|Any CPU
		{058573AA-7A52-45AE-9107-029C241A7858}.Release|Any CPU.Build.0 = Release|Any CPU
		{A1A4B079-5213-46C6-A8C8-0B047EF15276}.Debug|Any CPU.ActiveCfg = Debug|Any CPU
		{A1A4B079-5213-46C6-A8C8-0B047EF15276}.Debug|Any CPU.Build.0 = Debug|Any CPU
		{A1A4B079-5213-46C6-A8C8-0B047EF15276}.Release|Any CPU.ActiveCfg = Release|Any CPU
		{A1A4B079-5213-46C6-A8C8-0B047EF15276}.Release|Any CPU.Build.0 = Release|Any CPU
		{696C2D23-018A-4BBA-9C85-D2073366A824}.Debug|Any CPU.ActiveCfg = Debug|Any CPU
		{696C2D23-018A-4BBA-9C85-D2073366A824}.Debug|Any CPU.Build.0 = Debug|Any CPU
		{696C2D23-018A-4BBA-9C85-D2073366A824}.Release|Any CPU.ActiveCfg = Release|Any CPU
		{696C2D23-018A-4BBA-9C85-D2073366A824}.Release|Any CPU.Build.0 = Release|Any CPU
	EndGlobalSection
	GlobalSection(SolutionProperties) = preSolution
		HideSolutionNode = FALSE
	EndGlobalSection
EndGlobal
